// !$*UTF8*$!
{
	archiveVersion = 1;
	classes = {
	};
	objectVersion = 50;
	objects = {

/* Begin PBXBuildFile section */
		A3062C402293836D006F2825 /* CategoryViewController.swift in Sources */ = {isa = PBXBuildFile; fileRef = A3062C3F2293836D006F2825 /* CategoryViewController.swift */; };
		A3113FF422812D2700CEF905 /* ToDoViewController.swift in Sources */ = {isa = PBXBuildFile; fileRef = A3113FF322812D2700CEF905 /* ToDoViewController.swift */; };
		A3113FF722812D2700CEF905 /* Main.storyboard in Resources */ = {isa = PBXBuildFile; fileRef = A3113FF522812D2700CEF905 /* Main.storyboard */; };
		A3113FF922812D2A00CEF905 /* Assets.xcassets in Resources */ = {isa = PBXBuildFile; fileRef = A3113FF822812D2A00CEF905 /* Assets.xcassets */; };
		A3113FFC22812D2A00CEF905 /* LaunchScreen.storyboard in Resources */ = {isa = PBXBuildFile; fileRef = A3113FFA22812D2A00CEF905 /* LaunchScreen.storyboard */; };
		A34A68F7228A86C1009FB3BA /* AppDelegate.swift in Sources */ = {isa = PBXBuildFile; fileRef = A34A68F6228A86C1009FB3BA /* AppDelegate.swift */; };
		A34A68FA228CF3A8009FB3BA /* DataModel.xcdatamodeld in Sources */ = {isa = PBXBuildFile; fileRef = A34A68F8228CF3A8009FB3BA /* DataModel.xcdatamodeld */; };
/* End PBXBuildFile section */

/* Begin PBXFileReference section */
		A3062C3F2293836D006F2825 /* CategoryViewController.swift */ = {isa = PBXFileReference; lastKnownFileType = sourcecode.swift; path = CategoryViewController.swift; sourceTree = "<group>"; };
		A3113FEE22812D2700CEF905 /* TooDoo.app */ = {isa = PBXFileReference; explicitFileType = wrapper.application; includeInIndex = 0; path = TooDoo.app; sourceTree = BUILT_PRODUCTS_DIR; };
		A3113FF322812D2700CEF905 /* ToDoViewController.swift */ = {isa = PBXFileReference; lastKnownFileType = sourcecode.swift; path = ToDoViewController.swift; sourceTree = "<group>"; };
		A3113FF622812D2700CEF905 /* Base */ = {isa = PBXFileReference; lastKnownFileType = file.storyboard; name = Base; path = Base.lproj/Main.storyboard; sourceTree = "<group>"; };
		A3113FF822812D2A00CEF905 /* Assets.xcassets */ = {isa = PBXFileReference; lastKnownFileType = folder.assetcatalog; path = Assets.xcassets; sourceTree = "<group>"; };
		A3113FFB22812D2A00CEF905 /* Base */ = {isa = PBXFileReference; lastKnownFileType = file.storyboard; name = Base; path = Base.lproj/LaunchScreen.storyboard; sourceTree = "<group>"; };
		A3113FFD22812D2A00CEF905 /* Info.plist */ = {isa = PBXFileReference; lastKnownFileType = text.plist.xml; path = Info.plist; sourceTree = "<group>"; };
		A34A68F6228A86C1009FB3BA /* AppDelegate.swift */ = {isa = PBXFileReference; lastKnownFileType = sourcecode.swift; path = AppDelegate.swift; sourceTree = "<group>"; };
		A34A68F9228CF3A8009FB3BA /* DataModel.xcdatamodel */ = {isa = PBXFileReference; lastKnownFileType = wrapper.xcdatamodel; path = DataModel.xcdatamodel; sourceTree = "<group>"; };
/* End PBXFileReference section */

/* Begin PBXFrameworksBuildPhase section */
		A3113FEB22812D2700CEF905 /* Frameworks */ = {
			isa = PBXFrameworksBuildPhase;
			buildActionMask = 2147483647;
			files = (
			);
			runOnlyForDeploymentPostprocessing = 0;
		};
/* End PBXFrameworksBuildPhase section */

/* Begin PBXGroup section */
		A3113FE522812D2700CEF905 = {
			isa = PBXGroup;
			children = (
				A3113FF022812D2700CEF905 /* TooDoo */,
				A3113FEF22812D2700CEF905 /* Products */,
			);
			sourceTree = "<group>";
		};
		A3113FEF22812D2700CEF905 /* Products */ = {
			isa = PBXGroup;
			children = (
				A3113FEE22812D2700CEF905 /* TooDoo.app */,
			);
			name = Products;
			sourceTree = "<group>";
		};
		A3113FF022812D2700CEF905 /* TooDoo */ = {
			isa = PBXGroup;
			children = (
				A34A68F6228A86C1009FB3BA /* AppDelegate.swift */,
				A37C3FFB228A6C530006D02E /* Controllers */,
				A37C3FFA228A6C410006D02E /* Data Model */,
				A37C3FFC228A6C620006D02E /* Views */,
				A3113FF822812D2A00CEF905 /* Assets.xcassets */,
				A3113FFA22812D2A00CEF905 /* LaunchScreen.storyboard */,
				A3113FFD22812D2A00CEF905 /* Info.plist */,
			);
			path = TooDoo;
			sourceTree = "<group>";
		};
		A37C3FFA228A6C410006D02E /* Data Model */ = {
			isa = PBXGroup;
			children = (
				A34A68F8228CF3A8009FB3BA /* DataModel.xcdatamodeld */,
			);
			path = "Data Model";
			sourceTree = "<group>";
		};
		A37C3FFB228A6C530006D02E /* Controllers */ = {
			isa = PBXGroup;
			children = (
				A3062C3F2293836D006F2825 /* CategoryViewController.swift */,
				A3113FF322812D2700CEF905 /* ToDoViewController.swift */,
			);
			path = Controllers;
			sourceTree = "<group>";
		};
		A37C3FFC228A6C620006D02E /* Views */ = {
			isa = PBXGroup;
			children = (
				A3113FF522812D2700CEF905 /* Main.storyboard */,
			);
			path = Views;
			sourceTree = "<group>";
		};
/* End PBXGroup section */

/* Begin PBXNativeTarget section */
		A3113FED22812D2700CEF905 /* TooDoo */ = {
			isa = PBXNativeTarget;
			buildConfigurationList = A311400022812D2A00CEF905 /* Build configuration list for PBXNativeTarget "TooDoo" */;
			buildPhases = (
				A3113FEA22812D2700CEF905 /* Sources */,
				A3113FEB22812D2700CEF905 /* Frameworks */,
				A3113FEC22812D2700CEF905 /* Resources */,
			);
			buildRules = (
			);
			dependencies = (
			);
			name = TooDoo;
			productName = TooDoo;
			productReference = A3113FEE22812D2700CEF905 /* TooDoo.app */;
			productType = "com.apple.product-type.application";
		};
/* End PBXNativeTarget section */

/* Begin PBXProject section */
		A3113FE622812D2700CEF905 /* Project object */ = {
			isa = PBXProject;
			attributes = {
				LastSwiftUpdateCheck = 1020;
				LastUpgradeCheck = 1020;
				ORGANIZATIONNAME = "Jason Yu";
				TargetAttributes = {
					A3113FED22812D2700CEF905 = {
						CreatedOnToolsVersion = 10.2.1;
					};
				};
			};
			buildConfigurationList = A3113FE922812D2700CEF905 /* Build configuration list for PBXProject "TooDoo" */;
			compatibilityVersion = "Xcode 9.3";
			developmentRegion = en;
			hasScannedForEncodings = 0;
			knownRegions = (
				en,
				Base,
			);
			mainGroup = A3113FE522812D2700CEF905;
			productRefGroup = A3113FEF22812D2700CEF905 /* Products */;
			projectDirPath = "";
			projectRoot = "";
			targets = (
				A3113FED22812D2700CEF905 /* TooDoo */,
			);
		};
/* End PBXProject section */

/* Begin PBXResourcesBuildPhase section */
		A3113FEC22812D2700CEF905 /* Resources */ = {
			isa = PBXResourcesBuildPhase;
			buildActionMask = 2147483647;
			files = (
				A3113FFC22812D2A00CEF905 /* LaunchScreen.storyboard in Resources */,
				A3113FF922812D2A00CEF905 /* Assets.xcassets in Resources */,
				A3113FF722812D2700CEF905 /* Main.storyboard in Resources */,
			);
			runOnlyForDeploymentPostprocessing = 0;
		};
/* End PBXResourcesBuildPhase section */

/* Begin PBXSourcesBuildPhase section */
		A3113FEA22812D2700CEF905 /* Sources */ = {
			isa = PBXSourcesBuildPhase;
			buildActionMask = 2147483647;
			files = (
				A34A68F7228A86C1009FB3BA /* AppDelegate.swift in Sources */,
				A34A68FA228CF3A8009FB3BA /* DataModel.xcdatamodeld in Sources */,
				A3113FF422812D2700CEF905 /* ToDoViewController.swift in Sources */,
				A3062C402293836D006F2825 /* CategoryViewController.swift in Sources */,
			);
			runOnlyForDeploymentPostprocessing = 0;
		};
/* End PBXSourcesBuildPhase section */

/* Begin PBXVariantGroup section */
		A3113FF522812D2700CEF905 /* Main.storyboard */ = {
			isa = PBXVariantGroup;
			children = (
				A3113FF622812D2700CEF905 /* Base */,
			);
			name = Main.storyboard;
			sourceTree = "<group>";
		};
		A3113FFA22812D2A00CEF905 /* LaunchScreen.storyboard */ = {
			isa = PBXVariantGroup;
			children = (
				A3113FFB22812D2A00CEF905 /* Base */,
			);
			name = LaunchScreen.storyboard;
			sourceTree = "<group>";
		};
/* End PBXVariantGroup section */

/* Begin XCBuildConfiguration section */
		A3113FFE22812D2A00CEF905 /* Debug */ = {
			isa = XCBuildConfiguration;
			buildSettings = {
				ALWAYS_SEARCH_USER_PATHS = NO;
				CLANG_ANALYZER_NONNULL = YES;
				CLANG_ANALYZER_NUMBER_OBJECT_CONVERSION = YES_AGGRESSIVE;
				CLANG_CXX_LANGUAGE_STANDARD = "gnu++14";
				CLANG_CXX_LIBRARY = "libc++";
				CLANG_ENABLE_MODULES = YES;
				CLANG_ENABLE_OBJC_ARC = YES;
				CLANG_ENABLE_OBJC_WEAK = YES;
				CLANG_WARN_BLOCK_CAPTURE_AUTORELEASING = YES;
				CLANG_WARN_BOOL_CONVERSION = YES;
				CLANG_WARN_COMMA = YES;
				CLANG_WARN_CONSTANT_CONVERSION = YES;
				CLANG_WARN_DEPRECATED_OBJC_IMPLEMENTATIONS = YES;
				CLANG_WARN_DIRECT_OBJC_ISA_USAGE = YES_ERROR;
				CLANG_WARN_DOCUMENTATION_COMMENTS = YES;
				CLANG_WARN_EMPTY_BODY = YES;
				CLANG_WARN_ENUM_CONVERSION = YES;
				CLANG_WARN_INFINITE_RECURSION = YES;
				CLANG_WARN_INT_CONVERSION = YES;
				CLANG_WARN_NON_LITERAL_NULL_CONVERSION = YES;
				CLANG_WARN_OBJC_IMPLICIT_RETAIN_SELF = YES;
				CLANG_WARN_OBJC_LITERAL_CONVERSION = YES;
				CLANG_WARN_OBJC_ROOT_CLASS = YES_ERROR;
				CLANG_WARN_RANGE_LOOP_ANALYSIS = YES;
				CLANG_WARN_STRICT_PROTOTYPES = YES;
				CLANG_WARN_SUSPICIOUS_MOVE = YES;
				CLANG_WARN_UNGUARDED_AVAILABILITY = YES_AGGRESSIVE;
				CLANG_WARN_UNREACHABLE_CODE = YES;
				CLANG_WARN__DUPLICATE_METHOD_MATCH = YES;
				CODE_SIGN_IDENTITY = "iPhone Developer";
				COPY_PHASE_STRIP = NO;
				DEBUG_INFORMATION_FORMAT = dwarf;
				ENABLE_STRICT_OBJC_MSGSEND = YES;
				ENABLE_TESTABILITY = YES;
				GCC_C_LANGUAGE_STANDARD = gnu11;
				GCC_DYNAMIC_NO_PIC = NO;
				GCC_NO_COMMON_BLOCKS = YES;
				GCC_OPTIMIZATION_LEVEL = 0;
				GCC_PREPROCESSOR_DEFINITIONS = (
					"DEBUG=1",
					"$(inherited)",
				);
				GCC_WARN_64_TO_32_BIT_CONVERSION = YES;
				GCC_WARN_ABOUT_RETURN_TYPE = YES_ERROR;
				GCC_WARN_UNDECLARED_SELECTOR = YES;
				GCC_WARN_UNINITIALIZED_AUTOS = YES_AGGRESSIVE;
				GCC_WARN_UNUSED_FUNCTION = YES;
				GCC_WARN_UNUSED_VARIABLE = YES;
				IPHONEOS_DEPLOYMENT_TARGET = 12.2;
				MTL_ENABLE_DEBUG_INFO = INCLUDE_SOURCE;
				MTL_FAST_MATH = YES;
				ONLY_ACTIVE_ARCH = YES;
				SDKROOT = iphoneos;
				SWIFT_ACTIVE_COMPILATION_CONDITIONS = DEBUG;
				SWIFT_OPTIMIZATION_LEVEL = "-Onone";
			};
			name = Debug;
		};
		A3113FFF22812D2A00CEF905 /* Release */ = {
			isa = XCBuildConfiguration;
			buildSettings = {
				ALWAYS_SEARCH_USER_PATHS = NO;
				CLANG_ANALYZER_NONNULL = YES;
				CLANG_ANALYZER_NUMBER_OBJECT_CONVERSION = YES_AGGRESSIVE;
				CLANG_CXX_LANGUAGE_STANDARD = "gnu++14";
				CLANG_CXX_LIBRARY = "libc++";
				CLANG_ENABLE_MODULES = YES;
				CLANG_ENABLE_OBJC_ARC = YES;
				CLANG_ENABLE_OBJC_WEAK = YES;
				CLANG_WARN_BLOCK_CAPTURE_AUTORELEASING = YES;
				CLANG_WARN_BOOL_CONVERSION = YES;
				CLANG_WARN_COMMA = YES;
				CLANG_WARN_CONSTANT_CONVERSION = YES;
				CLANG_WARN_DEPRECATED_OBJC_IMPLEMENTATIONS = YES;
				CLANG_WARN_DIRECT_OBJC_ISA_USAGE = YES_ERROR;
				CLANG_WARN_DOCUMENTATION_COMMENTS = YES;
				CLANG_WARN_EMPTY_BODY = YES;
				CLANG_WARN_ENUM_CONVERSION = YES;
				CLANG_WARN_INFINITE_RECURSION = YES;
				CLANG_WARN_INT_CONVERSION = YES;
				CLANG_WARN_NON_LITERAL_NULL_CONVERSION = YES;
				CLANG_WARN_OBJC_IMPLICIT_RETAIN_SELF = YES;
				CLANG_WARN_OBJC_LITERAL_CONVERSION = YES;
				CLANG_WARN_OBJC_ROOT_CLASS = YES_ERROR;
				CLANG_WARN_RANGE_LOOP_ANALYSIS = YES;
				CLANG_WARN_STRICT_PROTOTYPES = YES;
				CLANG_WARN_SUSPICIOUS_MOVE = YES;
				CLANG_WARN_UNGUARDED_AVAILABILITY = YES_AGGRESSIVE;
				CLANG_WARN_UNREACHABLE_CODE = YES;
				CLANG_WARN__DUPLICATE_METHOD_MATCH = YES;
				CODE_SIGN_IDENTITY = "iPhone Developer";
				COPY_PHASE_STRIP = NO;
				DEBUG_INFORMATION_FORMAT = "dwarf-with-dsym";
				ENABLE_NS_ASSERTIONS = NO;
				ENABLE_STRICT_OBJC_MSGSEND = YES;
				GCC_C_LANGUAGE_STANDARD = gnu11;
				GCC_NO_COMMON_BLOCKS = YES;
				GCC_WARN_64_TO_32_BIT_CONVERSION = YES;
				GCC_WARN_ABOUT_RETURN_TYPE = YES_ERROR;
				GCC_WARN_UNDECLARED_SELECTOR = YES;
				GCC_WARN_UNINITIALIZED_AUTOS = YES_AGGRESSIVE;
				GCC_WARN_UNUSED_FUNCTION = YES;
				GCC_WARN_UNUSED_VARIABLE = YES;
				IPHONEOS_DEPLOYMENT_TARGET = 12.2;
				MTL_ENABLE_DEBUG_INFO = NO;
				MTL_FAST_MATH = YES;
				SDKROOT = iphoneos;
				SWIFT_COMPILATION_MODE = wholemodule;
				SWIFT_OPTIMIZATION_LEVEL = "-O";
				VALIDATE_PRODUCT = YES;
			};
			name = Release;
		};
		A311400122812D2A00CEF905 /* Debug */ = {
			isa = XCBuildConfiguration;
			buildSettings = {
				ASSETCATALOG_COMPILER_APPICON_NAME = AppIcon;
				CODE_SIGN_STYLE = Automatic;
				DEVELOPMENT_TEAM = 352L99K7K5;
				INFOPLIST_FILE = TooDoo/Info.plist;
				LD_RUNPATH_SEARCH_PATHS = (
					"$(inherited)",
					"@executable_path/Frameworks",
				);
				ONLY_ACTIVE_ARCH = YES;
				PRODUCT_BUNDLE_IDENTIFIER = com.JasonYu.TooDoo;
				PRODUCT_NAME = "$(TARGET_NAME)";
				SWIFT_VERSION = 5.0;
				TARGETED_DEVICE_FAMILY = "1,2";
			};
			name = Debug;
		};
		A311400222812D2A00CEF905 /* Release */ = {
			isa = XCBuildConfiguration;
			buildSettings = {
				ASSETCATALOG_COMPILER_APPICON_NAME = AppIcon;
				CODE_SIGN_STYLE = Automatic;
				DEVELOPMENT_TEAM = 352L99K7K5;
				INFOPLIST_FILE = TooDoo/Info.plist;
				LD_RUNPATH_SEARCH_PATHS = (
					"$(inherited)",
					"@executable_path/Frameworks",
				);
				ONLY_ACTIVE_ARCH = YES;
				PRODUCT_BUNDLE_IDENTIFIER = com.JasonYu.TooDoo;
				PRODUCT_NAME = "$(TARGET_NAME)";
				SWIFT_VERSION = 5.0;
				TARGETED_DEVICE_FAMILY = "1,2";
			};
			name = Release;
		};
/* End XCBuildConfiguration section */

/* Begin XCConfigurationList section */
		A3113FE922812D2700CEF905 /* Build configuration list for PBXProject "TooDoo" */ = {
			isa = XCConfigurationList;
			buildConfigurations = (
				A3113FFE22812D2A00CEF905 /* Debug */,
				A3113FFF22812D2A00CEF905 /* Release */,
			);
			defaultConfigurationIsVisible = 0;
			defaultConfigurationName = Release;
		};
		A311400022812D2A00CEF905 /* Build configuration list for PBXNativeTarget "TooDoo" */ = {
			isa = XCConfigurationList;
			buildConfigurations = (
				A311400122812D2A00CEF905 /* Debug */,
				A311400222812D2A00CEF905 /* Release */,
			);
			defaultConfigurationIsVisible = 0;
			defaultConfigurationName = Release;
		};
/* End XCConfigurationList section */

/* Begin XCVersionGroup section */
		A34A68F8228CF3A8009FB3BA /* DataModel.xcdatamodeld */ = {
			isa = XCVersionGroup;
			children = (
				A34A68F9228CF3A8009FB3BA /* DataModel.xcdatamodel */,
			);
			currentVersion = A34A68F9228CF3A8009FB3BA /* DataModel.xcdatamodel */;
			path = DataModel.xcdatamodeld;
			sourceTree = "<group>";
			versionGroupType = wrapper.xcdatamodel;
		};
/* End XCVersionGroup section */
	};
	rootObject = A3113FE622812D2700CEF905 /* Project object */;
}
